
Microsoft Visual Studio Solution File, Format Version 12.00
# Visual Studio Version 17
VisualStudioVersion = 17.11.35312.102
MinimumVisualStudioVersion = 10.0.40219.1
Project("{FAE04EC0-301F-11D3-BF4B-00C04F79EFBC}") = "Paskaita7", "Paskaita7.csproj", "{FF57146E-8262-4346-A38A-923322D2A1E1}"
EndProject
Global
	GlobalSection(SolutionConfigurationPlatforms) = preSolution
		Debug|Any CPU = Debug|Any CPU
		Release|Any CPU = Release|Any CPU
	EndGlobalSection
	GlobalSection(ProjectConfigurationPlatforms) = postSolution
		{FF57146E-8262-4346-A38A-923322D2A1E1}.Debug|Any CPU.ActiveCfg = Debug|Any CPU
		{FF57146E-8262-4346-A38A-923322D2A1E1}.Debug|Any CPU.Build.0 = Debug|Any CPU
		{FF57146E-8262-4346-A38A-923322D2A1E1}.Release|Any CPU.ActiveCfg = Release|Any CPU
		{FF57146E-8262-4346-A38A-923322D2A1E1}.Release|Any CPU.Build.0 = Release|Any CPU
	EndGlobalSection
	GlobalSection(SolutionProperties) = preSolution
		HideSolutionNode = FALSE
	EndGlobalSection
	GlobalSection(ExtensibilityGlobals) = postSolution
		SolutionGuid = {E21FE869-4699-41C9-A117-19224836FB11}
	EndGlobalSection
EndGlobal
