
Microsoft Visual Studio Solution File, Format Version 12.00
# Visual Studio Version 17
VisualStudioVersion = 17.0.31912.275
MinimumVisualStudioVersion = 10.0.40219.1
Project("{FAE04EC0-301F-11D3-BF4B-00C04F79EFBC}") = "Pamoka12_metodai_masyvas", "Pamoka12_metodai_masyvas\Pamoka12_metodai_masyvas.csproj", "{090B1154-94A1-4BE9-9C3B-B05F5C5A6D19}"
EndProject
Global
	GlobalSection(SolutionConfigurationPlatforms) = preSolution
		Debug|Any CPU = Debug|Any CPU
		Release|Any CPU = Release|Any CPU
	EndGlobalSection
	GlobalSection(ProjectConfigurationPlatforms) = postSolution
		{090B1154-94A1-4BE9-9C3B-B05F5C5A6D19}.Debug|Any CPU.ActiveCfg = Debug|Any CPU
		{090B1154-94A1-4BE9-9C3B-B05F5C5A6D19}.Debug|Any CPU.Build.0 = Debug|Any CPU
		{090B1154-94A1-4BE9-9C3B-B05F5C5A6D19}.Release|Any CPU.ActiveCfg = Release|Any CPU
		{090B1154-94A1-4BE9-9C3B-B05F5C5A6D19}.Release|Any CPU.Build.0 = Release|Any CPU
	EndGlobalSection
	GlobalSection(SolutionProperties) = preSolution
		HideSolutionNode = FALSE
	EndGlobalSection
	GlobalSection(ExtensibilityGlobals) = postSolution
		SolutionGuid = {00E303D3-91CE-428C-BA40-17722AC202E1}
	EndGlobalSection
EndGlobal
