
Microsoft Visual Studio Solution File, Format Version 12.00
# Visual Studio Version 17
VisualStudioVersion = 17.11.35312.102
MinimumVisualStudioVersion = 10.0.40219.1
Project("{FAE04EC0-301F-11D3-BF4B-00C04F79EFBC}") = "Paskaita 4", "Paskaita 4.csproj", "{49B77028-9F54-432B-857E-11021AEA5CDD}"
EndProject
Global
	GlobalSection(SolutionConfigurationPlatforms) = preSolution
		Debug|Any CPU = Debug|Any CPU
		Release|Any CPU = Release|Any CPU
	EndGlobalSection
	GlobalSection(ProjectConfigurationPlatforms) = postSolution
		{49B77028-9F54-432B-857E-11021AEA5CDD}.Debug|Any CPU.ActiveCfg = Debug|Any CPU
		{49B77028-9F54-432B-857E-11021AEA5CDD}.Debug|Any CPU.Build.0 = Debug|Any CPU
		{49B77028-9F54-432B-857E-11021AEA5CDD}.Release|Any CPU.ActiveCfg = Release|Any CPU
		{49B77028-9F54-432B-857E-11021AEA5CDD}.Release|Any CPU.Build.0 = Release|Any CPU
	EndGlobalSection
	GlobalSection(SolutionProperties) = preSolution
		HideSolutionNode = FALSE
	EndGlobalSection
	GlobalSection(ExtensibilityGlobals) = postSolution
		SolutionGuid = {6FB41526-D96B-48D0-94E4-AEE563C7B58F}
	EndGlobalSection
EndGlobal
