
Microsoft Visual Studio Solution File, Format Version 12.00
# Visual Studio Version 17
VisualStudioVersion = 17.11.35312.102
MinimumVisualStudioVersion = 10.0.40219.1
Project("{FAE04EC0-301F-11D3-BF4B-00C04F79EFBC}") = "9pamoka_ref_out", "9pamoka_ref_out.csproj", "{15B77856-9667-4C3B-A442-91C7767A8034}"
EndProject
Global
	GlobalSection(SolutionConfigurationPlatforms) = preSolution
		Debug|Any CPU = Debug|Any CPU
		Release|Any CPU = Release|Any CPU
	EndGlobalSection
	GlobalSection(ProjectConfigurationPlatforms) = postSolution
		{15B77856-9667-4C3B-A442-91C7767A8034}.Debug|Any CPU.ActiveCfg = Debug|Any CPU
		{15B77856-9667-4C3B-A442-91C7767A8034}.Debug|Any CPU.Build.0 = Debug|Any CPU
		{15B77856-9667-4C3B-A442-91C7767A8034}.Release|Any CPU.ActiveCfg = Release|Any CPU
		{15B77856-9667-4C3B-A442-91C7767A8034}.Release|Any CPU.Build.0 = Release|Any CPU
	EndGlobalSection
	GlobalSection(SolutionProperties) = preSolution
		HideSolutionNode = FALSE
	EndGlobalSection
	GlobalSection(ExtensibilityGlobals) = postSolution
		SolutionGuid = {C61B695B-C769-42C6-AECE-34C3834B728B}
	EndGlobalSection
EndGlobal
